
Microsoft Visual Studio Solution File, Format Version 12.00
# Visual Studio Version 16
VisualStudioVersion = 16.0.30717.126
MinimumVisualStudioVersion = 10.0.40219.1
Project("{FAE04EC0-301F-11D3-BF4B-00C04F79EFBC}") = "CountingLinesOfCode", "CountingLinesOfCode\CountingLinesOfCode.csproj", "{828E3BA8-9676-4C19-ABE1-5EA0EDA3AB63}"
EndProject
Project("{FAE04EC0-301F-11D3-BF4B-00C04F79EFBC}") = "CountingLinesOfCodeTests", "CountingLinesOfCodeTests\CountingLinesOfCodeTests.csproj", "{E31B09BD-B3D5-43EC-933B-00A716154A7C}"
EndProject
Global
	GlobalSection(SolutionConfigurationPlatforms) = preSolution
		Debug|Any CPU = Debug|Any CPU
		Release|Any CPU = Release|Any CPU
	EndGlobalSection
	GlobalSection(ProjectConfigurationPlatforms) = postSolution
		{828E3BA8-9676-4C19-ABE1-5EA0EDA3AB63}.Debug|Any CPU.ActiveCfg = Debug|Any CPU
		{828E3BA8-9676-4C19-ABE1-5EA0EDA3AB63}.Debug|Any CPU.Build.0 = Debug|Any CPU
		{828E3BA8-9676-4C19-ABE1-5EA0EDA3AB63}.Release|Any CPU.ActiveCfg = Release|Any CPU
		{828E3BA8-9676-4C19-ABE1-5EA0EDA3AB63}.Release|Any CPU.Build.0 = Release|Any CPU
		{E31B09BD-B3D5-43EC-933B-00A716154A7C}.Debug|Any CPU.ActiveCfg = Debug|Any CPU
		{E31B09BD-B3D5-43EC-933B-00A716154A7C}.Debug|Any CPU.Build.0 = Debug|Any CPU
		{E31B09BD-B3D5-43EC-933B-00A716154A7C}.Release|Any CPU.ActiveCfg = Release|Any CPU
		{E31B09BD-B3D5-43EC-933B-00A716154A7C}.Release|Any CPU.Build.0 = Release|Any CPU
	EndGlobalSection
	GlobalSection(SolutionProperties) = preSolution
		HideSolutionNode = FALSE
	EndGlobalSection
	GlobalSection(ExtensibilityGlobals) = postSolution
		SolutionGuid = {726AB82A-0F50-4585-8F91-F84A7578468B}
	EndGlobalSection
EndGlobal
